// !$*UTF8*$!
{
	archiveVersion = 1;
	classes = {
	};
	objectVersion = 50;
	objects = {

/* Begin PBXBuildFile section */
		2B63FF6E22B305BC0084E8EF /* User.swift in Sources */ = {isa = PBXBuildFile; fileRef = 2B63FF6D22B305BC0084E8EF /* User.swift */; };
		2B63FF7022B305C50084E8EF /* Results.swift in Sources */ = {isa = PBXBuildFile; fileRef = 2B63FF6F22B305C50084E8EF /* Results.swift */; };
		2B63FF7222B306240084E8EF /* Result.swift in Sources */ = {isa = PBXBuildFile; fileRef = 2B63FF7122B306240084E8EF /* Result.swift */; };
		2B63FF7422B3076E0084E8EF /* PlayersVC.swift in Sources */ = {isa = PBXBuildFile; fileRef = 2B63FF7322B3076E0084E8EF /* PlayersVC.swift */; };
		2B63FF7622B307810084E8EF /* NumberOfPlayersVC.swift in Sources */ = {isa = PBXBuildFile; fileRef = 2B63FF7522B307810084E8EF /* NumberOfPlayersVC.swift */; };
		2B63FF7A22B307CA0084E8EF /* ResultVC.swift in Sources */ = {isa = PBXBuildFile; fileRef = 2B63FF7922B307CA0084E8EF /* ResultVC.swift */; };
		2BB88AC622A9C9B600442594 /* AppDelegate.swift in Sources */ = {isa = PBXBuildFile; fileRef = 2BB88AC522A9C9B600442594 /* AppDelegate.swift */; };
		2BB88AC822A9C9B600442594 /* ViewController.swift in Sources */ = {isa = PBXBuildFile; fileRef = 2BB88AC722A9C9B600442594 /* ViewController.swift */; };
		2BB88ACB22A9C9B700442594 /* Main.storyboard in Resources */ = {isa = PBXBuildFile; fileRef = 2BB88AC922A9C9B600442594 /* Main.storyboard */; };
		2BB88ACD22A9C9B800442594 /* Assets.xcassets in Resources */ = {isa = PBXBuildFile; fileRef = 2BB88ACC22A9C9B800442594 /* Assets.xcassets */; };
		2BB88AD022A9C9B800442594 /* LaunchScreen.storyboard in Resources */ = {isa = PBXBuildFile; fileRef = 2BB88ACE22A9C9B800442594 /* LaunchScreen.storyboard */; };
		2BF4720E22C482EA009B9668 /* FirebaseService.swift in Sources */ = {isa = PBXBuildFile; fileRef = 2BF4720D22C482EA009B9668 /* FirebaseService.swift */; };
		2BF4721022C4843D009B9668 /* GoogleService-Info.plist in Resources */ = {isa = PBXBuildFile; fileRef = 2BF4720F22C4843D009B9668 /* GoogleService-Info.plist */; };
		2BF4721222C485E6009B9668 /* DoublePlayersVC.swift in Sources */ = {isa = PBXBuildFile; fileRef = 2BF4721122C485E6009B9668 /* DoublePlayersVC.swift */; };
		2BF4721422C4908A009B9668 /* StringArray+Utils.swift in Sources */ = {isa = PBXBuildFile; fileRef = 2BF4721322C4908A009B9668 /* StringArray+Utils.swift */; };
/* End PBXBuildFile section */

/* Begin PBXFileReference section */
		2B63FF6D22B305BC0084E8EF /* User.swift */ = {isa = PBXFileReference; lastKnownFileType = sourcecode.swift; path = User.swift; sourceTree = "<group>"; };
		2B63FF6F22B305C50084E8EF /* Results.swift */ = {isa = PBXFileReference; lastKnownFileType = sourcecode.swift; path = Results.swift; sourceTree = "<group>"; };
		2B63FF7122B306240084E8EF /* Result.swift */ = {isa = PBXFileReference; lastKnownFileType = sourcecode.swift; path = Result.swift; sourceTree = "<group>"; };
		2B63FF7322B3076E0084E8EF /* PlayersVC.swift */ = {isa = PBXFileReference; lastKnownFileType = sourcecode.swift; path = PlayersVC.swift; sourceTree = "<group>"; };
		2B63FF7522B307810084E8EF /* NumberOfPlayersVC.swift */ = {isa = PBXFileReference; lastKnownFileType = sourcecode.swift; path = NumberOfPlayersVC.swift; sourceTree = "<group>"; };
		2B63FF7922B307CA0084E8EF /* ResultVC.swift */ = {isa = PBXFileReference; lastKnownFileType = sourcecode.swift; path = ResultVC.swift; sourceTree = "<group>"; };
		2BB88AC222A9C9B600442594 /* PingPongChallenger.app */ = {isa = PBXFileReference; explicitFileType = wrapper.application; includeInIndex = 0; path = PingPongChallenger.app; sourceTree = BUILT_PRODUCTS_DIR; };
		2BB88AC522A9C9B600442594 /* AppDelegate.swift */ = {isa = PBXFileReference; lastKnownFileType = sourcecode.swift; path = AppDelegate.swift; sourceTree = "<group>"; };
		2BB88AC722A9C9B600442594 /* ViewController.swift */ = {isa = PBXFileReference; lastKnownFileType = sourcecode.swift; path = ViewController.swift; sourceTree = "<group>"; };
		2BB88ACA22A9C9B600442594 /* Base */ = {isa = PBXFileReference; lastKnownFileType = file.storyboard; name = Base; path = Base.lproj/Main.storyboard; sourceTree = "<group>"; };
		2BB88ACC22A9C9B800442594 /* Assets.xcassets */ = {isa = PBXFileReference; lastKnownFileType = folder.assetcatalog; path = Assets.xcassets; sourceTree = "<group>"; };
		2BB88ACF22A9C9B800442594 /* Base */ = {isa = PBXFileReference; lastKnownFileType = file.storyboard; name = Base; path = Base.lproj/LaunchScreen.storyboard; sourceTree = "<group>"; };
		2BB88AD122A9C9B800442594 /* Info.plist */ = {isa = PBXFileReference; lastKnownFileType = text.plist.xml; path = Info.plist; sourceTree = "<group>"; };
		2BF4720D22C482EA009B9668 /* FirebaseService.swift */ = {isa = PBXFileReference; lastKnownFileType = sourcecode.swift; path = FirebaseService.swift; sourceTree = "<group>"; };
		2BF4720F22C4843D009B9668 /* GoogleService-Info.plist */ = {isa = PBXFileReference; fileEncoding = 4; lastKnownFileType = text.plist.xml; path = "GoogleService-Info.plist"; sourceTree = "<group>"; };
		2BF4721122C485E6009B9668 /* DoublePlayersVC.swift */ = {isa = PBXFileReference; lastKnownFileType = sourcecode.swift; path = DoublePlayersVC.swift; sourceTree = "<group>"; };
		2BF4721322C4908A009B9668 /* StringArray+Utils.swift */ = {isa = PBXFileReference; lastKnownFileType = sourcecode.swift; path = "StringArray+Utils.swift"; sourceTree = "<group>"; };
/* End PBXFileReference section */

/* Begin PBXFrameworksBuildPhase section */
		2BB88ABF22A9C9B600442594 /* Frameworks */ = {
			isa = PBXFrameworksBuildPhase;
			buildActionMask = 2147483647;
			files = (
			);
			runOnlyForDeploymentPostprocessing = 0;
		};
/* End PBXFrameworksBuildPhase section */

/* Begin PBXGroup section */
		2BB88AB922A9C9B600442594 = {
			isa = PBXGroup;
			children = (
				2B63FF6F22B305C50084E8EF /* Results.swift */,
				2BB88AC422A9C9B600442594 /* PingPongChallenger */,
				2BB88AC322A9C9B600442594 /* Products */,
			);
			sourceTree = "<group>";
		};
		2BB88AC322A9C9B600442594 /* Products */ = {
			isa = PBXGroup;
			children = (
				2BB88AC222A9C9B600442594 /* PingPongChallenger.app */,
			);
			name = Products;
			sourceTree = "<group>";
		};
		2BB88AC422A9C9B600442594 /* PingPongChallenger */ = {
			isa = PBXGroup;
			children = (
				2BF4720F22C4843D009B9668 /* GoogleService-Info.plist */,
				2BB88AC522A9C9B600442594 /* AppDelegate.swift */,
				2BB88AC722A9C9B600442594 /* ViewController.swift */,
				2BB88AC922A9C9B600442594 /* Main.storyboard */,
				2BB88ACC22A9C9B800442594 /* Assets.xcassets */,
				2BB88ACE22A9C9B800442594 /* LaunchScreen.storyboard */,
				2BB88AD122A9C9B800442594 /* Info.plist */,
				2B63FF6D22B305BC0084E8EF /* User.swift */,
				2BF4721122C485E6009B9668 /* DoublePlayersVC.swift */,
				2B63FF7122B306240084E8EF /* Result.swift */,
				2B63FF7322B3076E0084E8EF /* PlayersVC.swift */,
				2B63FF7522B307810084E8EF /* NumberOfPlayersVC.swift */,
				2B63FF7922B307CA0084E8EF /* ResultVC.swift */,
				2BF4720D22C482EA009B9668 /* FirebaseService.swift */,
				2BF4721322C4908A009B9668 /* StringArray+Utils.swift */,
			);
			path = PingPongChallenger;
			sourceTree = "<group>";
		};
/* End PBXGroup section */

/* Begin PBXNativeTarget section */
		2BB88AC122A9C9B600442594 /* PingPongChallenger */ = {
			isa = PBXNativeTarget;
			buildConfigurationList = 2BB88AD422A9C9B800442594 /* Build configuration list for PBXNativeTarget "PingPongChallenger" */;
			buildPhases = (
				2BB88ABE22A9C9B600442594 /* Sources */,
				2BB88ABF22A9C9B600442594 /* Frameworks */,
				2BB88AC022A9C9B600442594 /* Resources */,
			);
			buildRules = (
			);
			dependencies = (
			);
			name = PingPongChallenger;
			productName = PingPongChallenger;
			productReference = 2BB88AC222A9C9B600442594 /* PingPongChallenger.app */;
			productType = "com.apple.product-type.application";
		};
/* End PBXNativeTarget section */

/* Begin PBXProject section */
		2BB88ABA22A9C9B600442594 /* Project object */ = {
			isa = PBXProject;
			attributes = {
				LastSwiftUpdateCheck = 1020;
				LastUpgradeCheck = 1020;
				ORGANIZATIONNAME = "Create Music Group";
				TargetAttributes = {
					2BB88AC122A9C9B600442594 = {
						CreatedOnToolsVersion = 10.2.1;
					};
				};
			};
			buildConfigurationList = 2BB88ABD22A9C9B600442594 /* Build configuration list for PBXProject "PingPongChallenger" */;
			compatibilityVersion = "Xcode 9.3";
			developmentRegion = en;
			hasScannedForEncodings = 0;
			knownRegions = (
				en,
				Base,
			);
			mainGroup = 2BB88AB922A9C9B600442594;
			productRefGroup = 2BB88AC322A9C9B600442594 /* Products */;
			projectDirPath = "";
			projectRoot = "";
			targets = (
				2BB88AC122A9C9B600442594 /* PingPongChallenger */,
			);
		};
/* End PBXProject section */

/* Begin PBXResourcesBuildPhase section */
		2BB88AC022A9C9B600442594 /* Resources */ = {
			isa = PBXResourcesBuildPhase;
			buildActionMask = 2147483647;
			files = (
				2BB88AD022A9C9B800442594 /* LaunchScreen.storyboard in Resources */,
				2BF4721022C4843D009B9668 /* GoogleService-Info.plist in Resources */,
				2BB88ACD22A9C9B800442594 /* Assets.xcassets in Resources */,
				2BB88ACB22A9C9B700442594 /* Main.storyboard in Resources */,
			);
			runOnlyForDeploymentPostprocessing = 0;
		};
/* End PBXResourcesBuildPhase section */

/* Begin PBXSourcesBuildPhase section */
		2BB88ABE22A9C9B600442594 /* Sources */ = {
			isa = PBXSourcesBuildPhase;
			buildActionMask = 2147483647;
			files = (
				2BB88AC822A9C9B600442594 /* ViewController.swift in Sources */,
				2B63FF7A22B307CA0084E8EF /* ResultVC.swift in Sources */,
				2B63FF7422B3076E0084E8EF /* PlayersVC.swift in Sources */,
				2B63FF7222B306240084E8EF /* Result.swift in Sources */,
				2BB88AC622A9C9B600442594 /* AppDelegate.swift in Sources */,
				2BF4721422C4908A009B9668 /* StringArray+Utils.swift in Sources */,
				2BF4720E22C482EA009B9668 /* FirebaseService.swift in Sources */,
				2BF4721222C485E6009B9668 /* DoublePlayersVC.swift in Sources */,
				2B63FF7622B307810084E8EF /* NumberOfPlayersVC.swift in Sources */,
				2B63FF7022B305C50084E8EF /* Results.swift in Sources */,
				2B63FF6E22B305BC0084E8EF /* User.swift in Sources */,
			);
			runOnlyForDeploymentPostprocessing = 0;
		};
/* End PBXSourcesBuildPhase section */

/* Begin PBXVariantGroup section */
		2BB88AC922A9C9B600442594 /* Main.storyboard */ = {
			isa = PBXVariantGroup;
			children = (
				2BB88ACA22A9C9B600442594 /* Base */,
			);
			name = Main.storyboard;
			sourceTree = "<group>";
		};
		2BB88ACE22A9C9B800442594 /* LaunchScreen.storyboard */ = {
			isa = PBXVariantGroup;
			children = (
				2BB88ACF22A9C9B800442594 /* Base */,
			);
			name = LaunchScreen.storyboard;
			sourceTree = "<group>";
		};
/* End PBXVariantGroup section */

/* Begin XCBuildConfiguration section */
		2BB88AD222A9C9B800442594 /* Debug */ = {
			isa = XCBuildConfiguration;
			buildSettings = {
				ALWAYS_SEARCH_USER_PATHS = NO;
				CLANG_ANALYZER_NONNULL = YES;
				CLANG_ANALYZER_NUMBER_OBJECT_CONVERSION = YES_AGGRESSIVE;
				CLANG_CXX_LANGUAGE_STANDARD = "gnu++14";
				CLANG_CXX_LIBRARY = "libc++";
				CLANG_ENABLE_MODULES = YES;
				CLANG_ENABLE_OBJC_ARC = YES;
				CLANG_ENABLE_OBJC_WEAK = YES;
				CLANG_WARN_BLOCK_CAPTURE_AUTORELEASING = YES;
				CLANG_WARN_BOOL_CONVERSION = YES;
				CLANG_WARN_COMMA = YES;
				CLANG_WARN_CONSTANT_CONVERSION = YES;
				CLANG_WARN_DEPRECATED_OBJC_IMPLEMENTATIONS = YES;
				CLANG_WARN_DIRECT_OBJC_ISA_USAGE = YES_ERROR;
				CLANG_WARN_DOCUMENTATION_COMMENTS = YES;
				CLANG_WARN_EMPTY_BODY = YES;
				CLANG_WARN_ENUM_CONVERSION = YES;
				CLANG_WARN_INFINITE_RECURSION = YES;
				CLANG_WARN_INT_CONVERSION = YES;
				CLANG_WARN_NON_LITERAL_NULL_CONVERSION = YES;
				CLANG_WARN_OBJC_IMPLICIT_RETAIN_SELF = YES;
				CLANG_WARN_OBJC_LITERAL_CONVERSION = YES;
				CLANG_WARN_OBJC_ROOT_CLASS = YES_ERROR;
				CLANG_WARN_RANGE_LOOP_ANALYSIS = YES;
				CLANG_WARN_STRICT_PROTOTYPES = YES;
				CLANG_WARN_SUSPICIOUS_MOVE = YES;
				CLANG_WARN_UNGUARDED_AVAILABILITY = YES_AGGRESSIVE;
				CLANG_WARN_UNREACHABLE_CODE = YES;
				CLANG_WARN__DUPLICATE_METHOD_MATCH = YES;
				CODE_SIGN_IDENTITY = "iPhone Developer";
				COPY_PHASE_STRIP = NO;
				DEBUG_INFORMATION_FORMAT = dwarf;
				ENABLE_STRICT_OBJC_MSGSEND = YES;
				ENABLE_TESTABILITY = YES;
				GCC_C_LANGUAGE_STANDARD = gnu11;
				GCC_DYNAMIC_NO_PIC = NO;
				GCC_NO_COMMON_BLOCKS = YES;
				GCC_OPTIMIZATION_LEVEL = 0;
				GCC_PREPROCESSOR_DEFINITIONS = (
					"DEBUG=1",
					"$(inherited)",
				);
				GCC_WARN_64_TO_32_BIT_CONVERSION = YES;
				GCC_WARN_ABOUT_RETURN_TYPE = YES_ERROR;
				GCC_WARN_UNDECLARED_SELECTOR = YES;
				GCC_WARN_UNINITIALIZED_AUTOS = YES_AGGRESSIVE;
				GCC_WARN_UNUSED_FUNCTION = YES;
				GCC_WARN_UNUSED_VARIABLE = YES;
				IPHONEOS_DEPLOYMENT_TARGET = 12.2;
				MTL_ENABLE_DEBUG_INFO = INCLUDE_SOURCE;
				MTL_FAST_MATH = YES;
				ONLY_ACTIVE_ARCH = YES;
				SDKROOT = iphoneos;
				SWIFT_ACTIVE_COMPILATION_CONDITIONS = DEBUG;
				SWIFT_OPTIMIZATION_LEVEL = "-Onone";
			};
			name = Debug;
		};
		2BB88AD322A9C9B800442594 /* Release */ = {
			isa = XCBuildConfiguration;
			buildSettings = {
				ALWAYS_SEARCH_USER_PATHS = NO;
				CLANG_ANALYZER_NONNULL = YES;
				CLANG_ANALYZER_NUMBER_OBJECT_CONVERSION = YES_AGGRESSIVE;
				CLANG_CXX_LANGUAGE_STANDARD = "gnu++14";
				CLANG_CXX_LIBRARY = "libc++";
				CLANG_ENABLE_MODULES = YES;
				CLANG_ENABLE_OBJC_ARC = YES;
				CLANG_ENABLE_OBJC_WEAK = YES;
				CLANG_WARN_BLOCK_CAPTURE_AUTORELEASING = YES;
				CLANG_WARN_BOOL_CONVERSION = YES;
				CLANG_WARN_COMMA = YES;
				CLANG_WARN_CONSTANT_CONVERSION = YES;
				CLANG_WARN_DEPRECATED_OBJC_IMPLEMENTATIONS = YES;
				CLANG_WARN_DIRECT_OBJC_ISA_USAGE = YES_ERROR;
				CLANG_WARN_DOCUMENTATION_COMMENTS = YES;
				CLANG_WARN_EMPTY_BODY = YES;
				CLANG_WARN_ENUM_CONVERSION = YES;
				CLANG_WARN_INFINITE_RECURSION = YES;
				CLANG_WARN_INT_CONVERSION = YES;
				CLANG_WARN_NON_LITERAL_NULL_CONVERSION = YES;
				CLANG_WARN_OBJC_IMPLICIT_RETAIN_SELF = YES;
				CLANG_WARN_OBJC_LITERAL_CONVERSION = YES;
				CLANG_WARN_OBJC_ROOT_CLASS = YES_ERROR;
				CLANG_WARN_RANGE_LOOP_ANALYSIS = YES;
				CLANG_WARN_STRICT_PROTOTYPES = YES;
				CLANG_WARN_SUSPICIOUS_MOVE = YES;
				CLANG_WARN_UNGUARDED_AVAILABILITY = YES_AGGRESSIVE;
				CLANG_WARN_UNREACHABLE_CODE = YES;
				CLANG_WARN__DUPLICATE_METHOD_MATCH = YES;
				CODE_SIGN_IDENTITY = "iPhone Developer";
				COPY_PHASE_STRIP = NO;
				DEBUG_INFORMATION_FORMAT = "dwarf-with-dsym";
				ENABLE_NS_ASSERTIONS = NO;
				ENABLE_STRICT_OBJC_MSGSEND = YES;
				GCC_C_LANGUAGE_STANDARD = gnu11;
				GCC_NO_COMMON_BLOCKS = YES;
				GCC_WARN_64_TO_32_BIT_CONVERSION = YES;
				GCC_WARN_ABOUT_RETURN_TYPE = YES_ERROR;
				GCC_WARN_UNDECLARED_SELECTOR = YES;
				GCC_WARN_UNINITIALIZED_AUTOS = YES_AGGRESSIVE;
				GCC_WARN_UNUSED_FUNCTION = YES;
				GCC_WARN_UNUSED_VARIABLE = YES;
				IPHONEOS_DEPLOYMENT_TARGET = 12.2;
				MTL_ENABLE_DEBUG_INFO = NO;
				MTL_FAST_MATH = YES;
				SDKROOT = iphoneos;
				SWIFT_COMPILATION_MODE = wholemodule;
				SWIFT_OPTIMIZATION_LEVEL = "-O";
				VALIDATE_PRODUCT = YES;
			};
			name = Release;
		};
		2BB88AD522A9C9B800442594 /* Debug */ = {
			isa = XCBuildConfiguration;
			buildSettings = {
				ASSETCATALOG_COMPILER_APPICON_NAME = AppIcon;
				CODE_SIGN_STYLE = Automatic;
				DEVELOPMENT_TEAM = GD735595G3;
				INFOPLIST_FILE = PingPongChallenger/Info.plist;
				LD_RUNPATH_SEARCH_PATHS = (
					"$(inherited)",
					"@executable_path/Frameworks",
				);
				PRODUCT_BUNDLE_IDENTIFIER = com.createmusicgroup.PingPongChallenger;
				PRODUCT_NAME = "$(TARGET_NAME)";
				SWIFT_VERSION = 5.0;
				TARGETED_DEVICE_FAMILY = "1,2";
			};
			name = Debug;
		};
		2BB88AD622A9C9B800442594 /* Release */ = {
			isa = XCBuildConfiguration;
			buildSettings = {
				ASSETCATALOG_COMPILER_APPICON_NAME = AppIcon;
				CODE_SIGN_STYLE = Automatic;
				DEVELOPMENT_TEAM = GD735595G3;
				INFOPLIST_FILE = PingPongChallenger/Info.plist;
				LD_RUNPATH_SEARCH_PATHS = (
					"$(inherited)",
					"@executable_path/Frameworks",
				);
				PRODUCT_BUNDLE_IDENTIFIER = com.createmusicgroup.PingPongChallenger;
				PRODUCT_NAME = "$(TARGET_NAME)";
				SWIFT_VERSION = 5.0;
				TARGETED_DEVICE_FAMILY = "1,2";
			};
			name = Release;
		};
/* End XCBuildConfiguration section */

/* Begin XCConfigurationList section */
		2BB88ABD22A9C9B600442594 /* Build configuration list for PBXProject "PingPongChallenger" */ = {
			isa = XCConfigurationList;
			buildConfigurations = (
				2BB88AD222A9C9B800442594 /* Debug */,
				2BB88AD322A9C9B800442594 /* Release */,
			);
			defaultConfigurationIsVisible = 0;
			defaultConfigurationName = Release;
		};
		2BB88AD422A9C9B800442594 /* Build configuration list for PBXNativeTarget "PingPongChallenger" */ = {
			isa = XCConfigurationList;
			buildConfigurations = (
				2BB88AD522A9C9B800442594 /* Debug */,
				2BB88AD622A9C9B800442594 /* Release */,
			);
			defaultConfigurationIsVisible = 0;
			defaultConfigurationName = Release;
		};
/* End XCConfigurationList section */
	};
	rootObject = 2BB88ABA22A9C9B600442594 /* Project object */;
}
